
Microsoft Visual Studio Solution File, Format Version 12.00
# Visual Studio Version 16
VisualStudioVersion = 16.6.30114.105
MinimumVisualStudioVersion = 10.0.40219.1
Project("{2150E333-8FDC-42A3-9474-1A3956D46DE8}") = "src", "src", "{A44163B3-7A4B-4A89-9956-1C96BF559FA6}"
ProjectSection(SolutionItems) = preProject
	src\docker-compose.yml = src\docker-compose.yml
	src\mongo-init.js = src\mongo-init.js
EndProjectSection
EndProject
Project("{FAE04EC0-301F-11D3-BF4B-00C04F79EFBC}") = "javis86.geolocalizador.api", "src\javis86.geolocalizador.api\javis86.geolocalizador.api.csproj", "{D61A8B10-B138-4AC6-BA75-9FEE597626D0}"
EndProject
Project("{FAE04EC0-301F-11D3-BF4B-00C04F79EFBC}") = "javis86.geolocalizador.geolocalizador", "src\javis86.geolocalizador.geolocalizador\javis86.geolocalizador.geolocalizador.csproj", "{242D9683-2291-4360-882E-A47C3F8C74CB}"
EndProject
Global
	GlobalSection(SolutionConfigurationPlatforms) = preSolution
		Debug|Any CPU = Debug|Any CPU
		Debug|x64 = Debug|x64
		Debug|x86 = Debug|x86
		Release|Any CPU = Release|Any CPU
		Release|x64 = Release|x64
		Release|x86 = Release|x86
	EndGlobalSection
	GlobalSection(SolutionProperties) = preSolution
		HideSolutionNode = FALSE
	EndGlobalSection
	GlobalSection(ProjectConfigurationPlatforms) = postSolution
		{D61A8B10-B138-4AC6-BA75-9FEE597626D0}.Debug|Any CPU.ActiveCfg = Debug|Any CPU
		{D61A8B10-B138-4AC6-BA75-9FEE597626D0}.Debug|Any CPU.Build.0 = Debug|Any CPU
		{D61A8B10-B138-4AC6-BA75-9FEE597626D0}.Debug|x64.ActiveCfg = Debug|Any CPU
		{D61A8B10-B138-4AC6-BA75-9FEE597626D0}.Debug|x64.Build.0 = Debug|Any CPU
		{D61A8B10-B138-4AC6-BA75-9FEE597626D0}.Debug|x86.ActiveCfg = Debug|Any CPU
		{D61A8B10-B138-4AC6-BA75-9FEE597626D0}.Debug|x86.Build.0 = Debug|Any CPU
		{D61A8B10-B138-4AC6-BA75-9FEE597626D0}.Release|Any CPU.ActiveCfg = Release|Any CPU
		{D61A8B10-B138-4AC6-BA75-9FEE597626D0}.Release|Any CPU.Build.0 = Release|Any CPU
		{D61A8B10-B138-4AC6-BA75-9FEE597626D0}.Release|x64.ActiveCfg = Release|Any CPU
		{D61A8B10-B138-4AC6-BA75-9FEE597626D0}.Release|x64.Build.0 = Release|Any CPU
		{D61A8B10-B138-4AC6-BA75-9FEE597626D0}.Release|x86.ActiveCfg = Release|Any CPU
		{D61A8B10-B138-4AC6-BA75-9FEE597626D0}.Release|x86.Build.0 = Release|Any CPU
		{242D9683-2291-4360-882E-A47C3F8C74CB}.Debug|Any CPU.ActiveCfg = Debug|Any CPU
		{242D9683-2291-4360-882E-A47C3F8C74CB}.Debug|Any CPU.Build.0 = Debug|Any CPU
		{242D9683-2291-4360-882E-A47C3F8C74CB}.Debug|x64.ActiveCfg = Debug|Any CPU
		{242D9683-2291-4360-882E-A47C3F8C74CB}.Debug|x64.Build.0 = Debug|Any CPU
		{242D9683-2291-4360-882E-A47C3F8C74CB}.Debug|x86.ActiveCfg = Debug|Any CPU
		{242D9683-2291-4360-882E-A47C3F8C74CB}.Debug|x86.Build.0 = Debug|Any CPU
		{242D9683-2291-4360-882E-A47C3F8C74CB}.Release|Any CPU.ActiveCfg = Release|Any CPU
		{242D9683-2291-4360-882E-A47C3F8C74CB}.Release|Any CPU.Build.0 = Release|Any CPU
		{242D9683-2291-4360-882E-A47C3F8C74CB}.Release|x64.ActiveCfg = Release|Any CPU
		{242D9683-2291-4360-882E-A47C3F8C74CB}.Release|x64.Build.0 = Release|Any CPU
		{242D9683-2291-4360-882E-A47C3F8C74CB}.Release|x86.ActiveCfg = Release|Any CPU
		{242D9683-2291-4360-882E-A47C3F8C74CB}.Release|x86.Build.0 = Release|Any CPU
	EndGlobalSection
	GlobalSection(NestedProjects) = preSolution
		{D61A8B10-B138-4AC6-BA75-9FEE597626D0} = {A44163B3-7A4B-4A89-9956-1C96BF559FA6}
		{242D9683-2291-4360-882E-A47C3F8C74CB} = {A44163B3-7A4B-4A89-9956-1C96BF559FA6}
	EndGlobalSection
EndGlobal
